// !$*UTF8*$!
{
	archiveVersion = 1;
	classes = {
	};
	objectVersion = 56;
	objects = {

/* Begin PBXBuildFile section */
		136B50162C171E9E0030CC69 /* AddPresentView.swift in Sources */ = {isa = PBXBuildFile; fileRef = 136B50152C171E9E0030CC69 /* AddPresentView.swift */; };
		137EDB802C20C0A600ACA9D8 /* Generics.swift in Sources */ = {isa = PBXBuildFile; fileRef = 137EDB7F2C20C0A600ACA9D8 /* Generics.swift */; };
		137EDB822C20C37500ACA9D8 /* ServerErrors.swift in Sources */ = {isa = PBXBuildFile; fileRef = 137EDB812C20C37500ACA9D8 /* ServerErrors.swift */; };
		13884BFA2C0B6BA100441E20 /* PresentsView.swift in Sources */ = {isa = PBXBuildFile; fileRef = 13884BF92C0B6BA100441E20 /* PresentsView.swift */; };
		13884BFC2C0B6BD100441E20 /* ProfileView.swift in Sources */ = {isa = PBXBuildFile; fileRef = 13884BFB2C0B6BD100441E20 /* ProfileView.swift */; };
		13884BFE2C0B6BED00441E20 /* FriendsView.swift in Sources */ = {isa = PBXBuildFile; fileRef = 13884BFD2C0B6BED00441E20 /* FriendsView.swift */; };
		13AEE9262BF91F430040B1D6 /* PresentModel.swift in Sources */ = {isa = PBXBuildFile; fileRef = 13AEE9252BF91F430040B1D6 /* PresentModel.swift */; };
		13AEE9292BF91F890040B1D6 /* PresentService.swift in Sources */ = {isa = PBXBuildFile; fileRef = 13AEE9282BF91F890040B1D6 /* PresentService.swift */; };
		13AEE92B2BF920FC0040B1D6 /* BaseHttpResponse.swift in Sources */ = {isa = PBXBuildFile; fileRef = 13AEE92A2BF920FC0040B1D6 /* BaseHttpResponse.swift */; };
		13D98FCC2C1779F5008B75B7 /* UserService.swift in Sources */ = {isa = PBXBuildFile; fileRef = 13D98FCB2C1779F5008B75B7 /* UserService.swift */; };
		13D98FCE2C177A1D008B75B7 /* UserModel.swift in Sources */ = {isa = PBXBuildFile; fileRef = 13D98FCD2C177A1D008B75B7 /* UserModel.swift */; };
		13D98FD02C182AF9008B75B7 /* HttpService.swift in Sources */ = {isa = PBXBuildFile; fileRef = 13D98FCF2C182AF9008B75B7 /* HttpService.swift */; };
		13FFF1972BF8EE9B003F6CED /* PresentsAppApp.swift in Sources */ = {isa = PBXBuildFile; fileRef = 13FFF1962BF8EE9B003F6CED /* PresentsAppApp.swift */; };
		13FFF1992BF8EE9B003F6CED /* ContentView.swift in Sources */ = {isa = PBXBuildFile; fileRef = 13FFF1982BF8EE9B003F6CED /* ContentView.swift */; };
		13FFF19B2BF8EE9C003F6CED /* Assets.xcassets in Resources */ = {isa = PBXBuildFile; fileRef = 13FFF19A2BF8EE9C003F6CED /* Assets.xcassets */; };
		13FFF19E2BF8EE9C003F6CED /* Preview Assets.xcassets in Resources */ = {isa = PBXBuildFile; fileRef = 13FFF19D2BF8EE9C003F6CED /* Preview Assets.xcassets */; };
		13FFF1A82BF8EE9C003F6CED /* PresentsAppTests.swift in Sources */ = {isa = PBXBuildFile; fileRef = 13FFF1A72BF8EE9C003F6CED /* PresentsAppTests.swift */; };
		13FFF1B22BF8EE9C003F6CED /* PresentsAppUITests.swift in Sources */ = {isa = PBXBuildFile; fileRef = 13FFF1B12BF8EE9C003F6CED /* PresentsAppUITests.swift */; };
		13FFF1B42BF8EE9C003F6CED /* PresentsAppUITestsLaunchTests.swift in Sources */ = {isa = PBXBuildFile; fileRef = 13FFF1B32BF8EE9C003F6CED /* PresentsAppUITestsLaunchTests.swift */; };
/* End PBXBuildFile section */

/* Begin PBXContainerItemProxy section */
		13FFF1A42BF8EE9C003F6CED /* PBXContainerItemProxy */ = {
			isa = PBXContainerItemProxy;
			containerPortal = 13FFF18B2BF8EE9B003F6CED /* Project object */;
			proxyType = 1;
			remoteGlobalIDString = 13FFF1922BF8EE9B003F6CED;
			remoteInfo = PresentsApp;
		};
		13FFF1AE2BF8EE9C003F6CED /* PBXContainerItemProxy */ = {
			isa = PBXContainerItemProxy;
			containerPortal = 13FFF18B2BF8EE9B003F6CED /* Project object */;
			proxyType = 1;
			remoteGlobalIDString = 13FFF1922BF8EE9B003F6CED;
			remoteInfo = PresentsApp;
		};
/* End PBXContainerItemProxy section */

/* Begin PBXFileReference section */
		136B50152C171E9E0030CC69 /* AddPresentView.swift */ = {isa = PBXFileReference; lastKnownFileType = sourcecode.swift; path = AddPresentView.swift; sourceTree = "<group>"; };
		137EDB7F2C20C0A600ACA9D8 /* Generics.swift */ = {isa = PBXFileReference; lastKnownFileType = sourcecode.swift; path = Generics.swift; sourceTree = "<group>"; };
		137EDB812C20C37500ACA9D8 /* ServerErrors.swift */ = {isa = PBXFileReference; lastKnownFileType = sourcecode.swift; path = ServerErrors.swift; sourceTree = "<group>"; };
		13884BF92C0B6BA100441E20 /* PresentsView.swift */ = {isa = PBXFileReference; lastKnownFileType = sourcecode.swift; path = PresentsView.swift; sourceTree = "<group>"; };
		13884BFB2C0B6BD100441E20 /* ProfileView.swift */ = {isa = PBXFileReference; lastKnownFileType = sourcecode.swift; path = ProfileView.swift; sourceTree = "<group>"; };
		13884BFD2C0B6BED00441E20 /* FriendsView.swift */ = {isa = PBXFileReference; lastKnownFileType = sourcecode.swift; path = FriendsView.swift; sourceTree = "<group>"; };
		13AEE9252BF91F430040B1D6 /* PresentModel.swift */ = {isa = PBXFileReference; lastKnownFileType = sourcecode.swift; path = PresentModel.swift; sourceTree = "<group>"; };
		13AEE9282BF91F890040B1D6 /* PresentService.swift */ = {isa = PBXFileReference; lastKnownFileType = sourcecode.swift; path = PresentService.swift; sourceTree = "<group>"; };
		13AEE92A2BF920FC0040B1D6 /* BaseHttpResponse.swift */ = {isa = PBXFileReference; lastKnownFileType = sourcecode.swift; path = BaseHttpResponse.swift; sourceTree = "<group>"; };
		13D98FCB2C1779F5008B75B7 /* UserService.swift */ = {isa = PBXFileReference; lastKnownFileType = sourcecode.swift; path = UserService.swift; sourceTree = "<group>"; };
		13D98FCD2C177A1D008B75B7 /* UserModel.swift */ = {isa = PBXFileReference; lastKnownFileType = sourcecode.swift; path = UserModel.swift; sourceTree = "<group>"; };
		13D98FCF2C182AF9008B75B7 /* HttpService.swift */ = {isa = PBXFileReference; lastKnownFileType = sourcecode.swift; path = HttpService.swift; sourceTree = "<group>"; };
		13FFF1932BF8EE9B003F6CED /* PresentsApp.app */ = {isa = PBXFileReference; explicitFileType = wrapper.application; includeInIndex = 0; path = PresentsApp.app; sourceTree = BUILT_PRODUCTS_DIR; };
		13FFF1962BF8EE9B003F6CED /* PresentsAppApp.swift */ = {isa = PBXFileReference; lastKnownFileType = sourcecode.swift; path = PresentsAppApp.swift; sourceTree = "<group>"; };
		13FFF1982BF8EE9B003F6CED /* ContentView.swift */ = {isa = PBXFileReference; lastKnownFileType = sourcecode.swift; path = ContentView.swift; sourceTree = "<group>"; };
		13FFF19A2BF8EE9C003F6CED /* Assets.xcassets */ = {isa = PBXFileReference; lastKnownFileType = folder.assetcatalog; path = Assets.xcassets; sourceTree = "<group>"; };
		13FFF19D2BF8EE9C003F6CED /* Preview Assets.xcassets */ = {isa = PBXFileReference; lastKnownFileType = folder.assetcatalog; path = "Preview Assets.xcassets"; sourceTree = "<group>"; };
		13FFF1A32BF8EE9C003F6CED /* PresentsAppTests.xctest */ = {isa = PBXFileReference; explicitFileType = wrapper.cfbundle; includeInIndex = 0; path = PresentsAppTests.xctest; sourceTree = BUILT_PRODUCTS_DIR; };
		13FFF1A72BF8EE9C003F6CED /* PresentsAppTests.swift */ = {isa = PBXFileReference; lastKnownFileType = sourcecode.swift; path = PresentsAppTests.swift; sourceTree = "<group>"; };
		13FFF1AD2BF8EE9C003F6CED /* PresentsAppUITests.xctest */ = {isa = PBXFileReference; explicitFileType = wrapper.cfbundle; includeInIndex = 0; path = PresentsAppUITests.xctest; sourceTree = BUILT_PRODUCTS_DIR; };
		13FFF1B12BF8EE9C003F6CED /* PresentsAppUITests.swift */ = {isa = PBXFileReference; lastKnownFileType = sourcecode.swift; path = PresentsAppUITests.swift; sourceTree = "<group>"; };
		13FFF1B32BF8EE9C003F6CED /* PresentsAppUITestsLaunchTests.swift */ = {isa = PBXFileReference; lastKnownFileType = sourcecode.swift; path = PresentsAppUITestsLaunchTests.swift; sourceTree = "<group>"; };
/* End PBXFileReference section */

/* Begin PBXFrameworksBuildPhase section */
		13FFF1902BF8EE9B003F6CED /* Frameworks */ = {
			isa = PBXFrameworksBuildPhase;
			buildActionMask = 2147483647;
			files = (
			);
			runOnlyForDeploymentPostprocessing = 0;
		};
		13FFF1A02BF8EE9C003F6CED /* Frameworks */ = {
			isa = PBXFrameworksBuildPhase;
			buildActionMask = 2147483647;
			files = (
			);
			runOnlyForDeploymentPostprocessing = 0;
		};
		13FFF1AA2BF8EE9C003F6CED /* Frameworks */ = {
			isa = PBXFrameworksBuildPhase;
			buildActionMask = 2147483647;
			files = (
			);
			runOnlyForDeploymentPostprocessing = 0;
		};
/* End PBXFrameworksBuildPhase section */

/* Begin PBXGroup section */
		137EDB7E2C20C08900ACA9D8 /* Exceptions */ = {
			isa = PBXGroup;
			children = (
				137EDB7F2C20C0A600ACA9D8 /* Generics.swift */,
				137EDB812C20C37500ACA9D8 /* ServerErrors.swift */,
			);
			path = Exceptions;
			sourceTree = "<group>";
		};
		13AEE9242BF91F2B0040B1D6 /* Models */ = {
			isa = PBXGroup;
			children = (
				13AEE9252BF91F430040B1D6 /* PresentModel.swift */,
				13D98FCD2C177A1D008B75B7 /* UserModel.swift */,
				13AEE92A2BF920FC0040B1D6 /* BaseHttpResponse.swift */,
			);
			path = Models;
			sourceTree = "<group>";
		};
		13AEE9272BF91F7A0040B1D6 /* Services */ = {
			isa = PBXGroup;
			children = (
				13AEE9282BF91F890040B1D6 /* PresentService.swift */,
				13D98FCB2C1779F5008B75B7 /* UserService.swift */,
				13D98FCF2C182AF9008B75B7 /* HttpService.swift */,
			);
			path = Services;
			sourceTree = "<group>";
		};
		13FFF18A2BF8EE9B003F6CED = {
			isa = PBXGroup;
			children = (
				13FFF1952BF8EE9B003F6CED /* PresentsApp */,
				13FFF1A62BF8EE9C003F6CED /* PresentsAppTests */,
				13FFF1B02BF8EE9C003F6CED /* PresentsAppUITests */,
				13FFF1942BF8EE9B003F6CED /* Products */,
			);
			sourceTree = "<group>";
		};
		13FFF1942BF8EE9B003F6CED /* Products */ = {
			isa = PBXGroup;
			children = (
				13FFF1932BF8EE9B003F6CED /* PresentsApp.app */,
				13FFF1A32BF8EE9C003F6CED /* PresentsAppTests.xctest */,
				13FFF1AD2BF8EE9C003F6CED /* PresentsAppUITests.xctest */,
			);
			name = Products;
			sourceTree = "<group>";
		};
		13FFF1952BF8EE9B003F6CED /* PresentsApp */ = {
			isa = PBXGroup;
			children = (
				137EDB7E2C20C08900ACA9D8 /* Exceptions */,
				13AEE9272BF91F7A0040B1D6 /* Services */,
				13AEE9242BF91F2B0040B1D6 /* Models */,
				13FFF1962BF8EE9B003F6CED /* PresentsAppApp.swift */,
				13FFF1982BF8EE9B003F6CED /* ContentView.swift */,
				13884BFD2C0B6BED00441E20 /* FriendsView.swift */,
				13884BFB2C0B6BD100441E20 /* ProfileView.swift */,
				13884BF92C0B6BA100441E20 /* PresentsView.swift */,
				13FFF19A2BF8EE9C003F6CED /* Assets.xcassets */,
				13FFF19C2BF8EE9C003F6CED /* Preview Content */,
				136B50152C171E9E0030CC69 /* AddPresentView.swift */,
			);
			path = PresentsApp;
			sourceTree = "<group>";
		};
		13FFF19C2BF8EE9C003F6CED /* Preview Content */ = {
			isa = PBXGroup;
			children = (
				13FFF19D2BF8EE9C003F6CED /* Preview Assets.xcassets */,
			);
			path = "Preview Content";
			sourceTree = "<group>";
		};
		13FFF1A62BF8EE9C003F6CED /* PresentsAppTests */ = {
			isa = PBXGroup;
			children = (
				13FFF1A72BF8EE9C003F6CED /* PresentsAppTests.swift */,
			);
			path = PresentsAppTests;
			sourceTree = "<group>";
		};
		13FFF1B02BF8EE9C003F6CED /* PresentsAppUITests */ = {
			isa = PBXGroup;
			children = (
				13FFF1B12BF8EE9C003F6CED /* PresentsAppUITests.swift */,
				13FFF1B32BF8EE9C003F6CED /* PresentsAppUITestsLaunchTests.swift */,
			);
			path = PresentsAppUITests;
			sourceTree = "<group>";
		};
/* End PBXGroup section */

/* Begin PBXNativeTarget section */
		13FFF1922BF8EE9B003F6CED /* PresentsApp */ = {
			isa = PBXNativeTarget;
			buildConfigurationList = 13FFF1B72BF8EE9C003F6CED /* Build configuration list for PBXNativeTarget "PresentsApp" */;
			buildPhases = (
				13FFF18F2BF8EE9B003F6CED /* Sources */,
				13FFF1902BF8EE9B003F6CED /* Frameworks */,
				13FFF1912BF8EE9B003F6CED /* Resources */,
			);
			buildRules = (
			);
			dependencies = (
			);
			name = PresentsApp;
			productName = PresentsApp;
			productReference = 13FFF1932BF8EE9B003F6CED /* PresentsApp.app */;
			productType = "com.apple.product-type.application";
		};
		13FFF1A22BF8EE9C003F6CED /* PresentsAppTests */ = {
			isa = PBXNativeTarget;
			buildConfigurationList = 13FFF1BA2BF8EE9C003F6CED /* Build configuration list for PBXNativeTarget "PresentsAppTests" */;
			buildPhases = (
				13FFF19F2BF8EE9C003F6CED /* Sources */,
				13FFF1A02BF8EE9C003F6CED /* Frameworks */,
				13FFF1A12BF8EE9C003F6CED /* Resources */,
			);
			buildRules = (
			);
			dependencies = (
				13FFF1A52BF8EE9C003F6CED /* PBXTargetDependency */,
			);
			name = PresentsAppTests;
			productName = PresentsAppTests;
			productReference = 13FFF1A32BF8EE9C003F6CED /* PresentsAppTests.xctest */;
			productType = "com.apple.product-type.bundle.unit-test";
		};
		13FFF1AC2BF8EE9C003F6CED /* PresentsAppUITests */ = {
			isa = PBXNativeTarget;
			buildConfigurationList = 13FFF1BD2BF8EE9C003F6CED /* Build configuration list for PBXNativeTarget "PresentsAppUITests" */;
			buildPhases = (
				13FFF1A92BF8EE9C003F6CED /* Sources */,
				13FFF1AA2BF8EE9C003F6CED /* Frameworks */,
				13FFF1AB2BF8EE9C003F6CED /* Resources */,
			);
			buildRules = (
			);
			dependencies = (
				13FFF1AF2BF8EE9C003F6CED /* PBXTargetDependency */,
			);
			name = PresentsAppUITests;
			productName = PresentsAppUITests;
			productReference = 13FFF1AD2BF8EE9C003F6CED /* PresentsAppUITests.xctest */;
			productType = "com.apple.product-type.bundle.ui-testing";
		};
/* End PBXNativeTarget section */

/* Begin PBXProject section */
		13FFF18B2BF8EE9B003F6CED /* Project object */ = {
			isa = PBXProject;
			attributes = {
				BuildIndependentTargetsInParallel = 1;
				LastSwiftUpdateCheck = 1540;
				LastUpgradeCheck = 1540;
				TargetAttributes = {
					13FFF1922BF8EE9B003F6CED = {
						CreatedOnToolsVersion = 15.4;
					};
					13FFF1A22BF8EE9C003F6CED = {
						CreatedOnToolsVersion = 15.4;
						TestTargetID = 13FFF1922BF8EE9B003F6CED;
					};
					13FFF1AC2BF8EE9C003F6CED = {
						CreatedOnToolsVersion = 15.4;
						TestTargetID = 13FFF1922BF8EE9B003F6CED;
					};
				};
			};
			buildConfigurationList = 13FFF18E2BF8EE9B003F6CED /* Build configuration list for PBXProject "PresentsApp" */;
			compatibilityVersion = "Xcode 14.0";
			developmentRegion = en;
			hasScannedForEncodings = 0;
			knownRegions = (
				en,
				Base,
			);
			mainGroup = 13FFF18A2BF8EE9B003F6CED;
			productRefGroup = 13FFF1942BF8EE9B003F6CED /* Products */;
			projectDirPath = "";
			projectRoot = "";
			targets = (
				13FFF1922BF8EE9B003F6CED /* PresentsApp */,
				13FFF1A22BF8EE9C003F6CED /* PresentsAppTests */,
				13FFF1AC2BF8EE9C003F6CED /* PresentsAppUITests */,
			);
		};
/* End PBXProject section */

/* Begin PBXResourcesBuildPhase section */
		13FFF1912BF8EE9B003F6CED /* Resources */ = {
			isa = PBXResourcesBuildPhase;
			buildActionMask = 2147483647;
			files = (
				13FFF19E2BF8EE9C003F6CED /* Preview Assets.xcassets in Resources */,
				13FFF19B2BF8EE9C003F6CED /* Assets.xcassets in Resources */,
			);
			runOnlyForDeploymentPostprocessing = 0;
		};
		13FFF1A12BF8EE9C003F6CED /* Resources */ = {
			isa = PBXResourcesBuildPhase;
			buildActionMask = 2147483647;
			files = (
			);
			runOnlyForDeploymentPostprocessing = 0;
		};
		13FFF1AB2BF8EE9C003F6CED /* Resources */ = {
			isa = PBXResourcesBuildPhase;
			buildActionMask = 2147483647;
			files = (
			);
			runOnlyForDeploymentPostprocessing = 0;
		};
/* End PBXResourcesBuildPhase section */

/* Begin PBXSourcesBuildPhase section */
		13FFF18F2BF8EE9B003F6CED /* Sources */ = {
			isa = PBXSourcesBuildPhase;
			buildActionMask = 2147483647;
			files = (
				13FFF1992BF8EE9B003F6CED /* ContentView.swift in Sources */,
				13AEE9292BF91F890040B1D6 /* PresentService.swift in Sources */,
				13884BFE2C0B6BED00441E20 /* FriendsView.swift in Sources */,
				13884BFA2C0B6BA100441E20 /* PresentsView.swift in Sources */,
				137EDB802C20C0A600ACA9D8 /* Generics.swift in Sources */,
				13AEE92B2BF920FC0040B1D6 /* BaseHttpResponse.swift in Sources */,
				13D98FD02C182AF9008B75B7 /* HttpService.swift in Sources */,
				137EDB822C20C37500ACA9D8 /* ServerErrors.swift in Sources */,
				13AEE9262BF91F430040B1D6 /* PresentModel.swift in Sources */,
				13D98FCC2C1779F5008B75B7 /* UserService.swift in Sources */,
				136B50162C171E9E0030CC69 /* AddPresentView.swift in Sources */,
				13884BFC2C0B6BD100441E20 /* ProfileView.swift in Sources */,
				13FFF1972BF8EE9B003F6CED /* PresentsAppApp.swift in Sources */,
				13D98FCE2C177A1D008B75B7 /* UserModel.swift in Sources */,
			);
			runOnlyForDeploymentPostprocessing = 0;
		};
		13FFF19F2BF8EE9C003F6CED /* Sources */ = {
			isa = PBXSourcesBuildPhase;
			buildActionMask = 2147483647;
			files = (
				13FFF1A82BF8EE9C003F6CED /* PresentsAppTests.swift in Sources */,
			);
			runOnlyForDeploymentPostprocessing = 0;
		};
		13FFF1A92BF8EE9C003F6CED /* Sources */ = {
			isa = PBXSourcesBuildPhase;
			buildActionMask = 2147483647;
			files = (
				13FFF1B42BF8EE9C003F6CED /* PresentsAppUITestsLaunchTests.swift in Sources */,
				13FFF1B22BF8EE9C003F6CED /* PresentsAppUITests.swift in Sources */,
			);
			runOnlyForDeploymentPostprocessing = 0;
		};
/* End PBXSourcesBuildPhase section */

/* Begin PBXTargetDependency section */
		13FFF1A52BF8EE9C003F6CED /* PBXTargetDependency */ = {
			isa = PBXTargetDependency;
			target = 13FFF1922BF8EE9B003F6CED /* PresentsApp */;
			targetProxy = 13FFF1A42BF8EE9C003F6CED /* PBXContainerItemProxy */;
		};
		13FFF1AF2BF8EE9C003F6CED /* PBXTargetDependency */ = {
			isa = PBXTargetDependency;
			target = 13FFF1922BF8EE9B003F6CED /* PresentsApp */;
			targetProxy = 13FFF1AE2BF8EE9C003F6CED /* PBXContainerItemProxy */;
		};
/* End PBXTargetDependency section */

/* Begin XCBuildConfiguration section */
		13FFF1B52BF8EE9C003F6CED /* Debug */ = {
			isa = XCBuildConfiguration;
			buildSettings = {
				ALWAYS_SEARCH_USER_PATHS = NO;
				ASSETCATALOG_COMPILER_GENERATE_SWIFT_ASSET_SYMBOL_EXTENSIONS = YES;
				CLANG_ANALYZER_NONNULL = YES;
				CLANG_ANALYZER_NUMBER_OBJECT_CONVERSION = YES_AGGRESSIVE;
				CLANG_CXX_LANGUAGE_STANDARD = "gnu++20";
				CLANG_ENABLE_MODULES = YES;
				CLANG_ENABLE_OBJC_ARC = YES;
				CLANG_ENABLE_OBJC_WEAK = YES;
				CLANG_WARN_BLOCK_CAPTURE_AUTORELEASING = YES;
				CLANG_WARN_BOOL_CONVERSION = YES;
				CLANG_WARN_COMMA = YES;
				CLANG_WARN_CONSTANT_CONVERSION = YES;
				CLANG_WARN_DEPRECATED_OBJC_IMPLEMENTATIONS = YES;
				CLANG_WARN_DIRECT_OBJC_ISA_USAGE = YES_ERROR;
				CLANG_WARN_DOCUMENTATION_COMMENTS = YES;
				CLANG_WARN_EMPTY_BODY = YES;
				CLANG_WARN_ENUM_CONVERSION = YES;
				CLANG_WARN_INFINITE_RECURSION = YES;
				CLANG_WARN_INT_CONVERSION = YES;
				CLANG_WARN_NON_LITERAL_NULL_CONVERSION = YES;
				CLANG_WARN_OBJC_IMPLICIT_RETAIN_SELF = YES;
				CLANG_WARN_OBJC_LITERAL_CONVERSION = YES;
				CLANG_WARN_OBJC_ROOT_CLASS = YES_ERROR;
				CLANG_WARN_QUOTED_INCLUDE_IN_FRAMEWORK_HEADER = YES;
				CLANG_WARN_RANGE_LOOP_ANALYSIS = YES;
				CLANG_WARN_STRICT_PROTOTYPES = YES;
				CLANG_WARN_SUSPICIOUS_MOVE = YES;
				CLANG_WARN_UNGUARDED_AVAILABILITY = YES_AGGRESSIVE;
				CLANG_WARN_UNREACHABLE_CODE = YES;
				CLANG_WARN__DUPLICATE_METHOD_MATCH = YES;
				COPY_PHASE_STRIP = NO;
				DEBUG_INFORMATION_FORMAT = dwarf;
				ENABLE_STRICT_OBJC_MSGSEND = YES;
				ENABLE_TESTABILITY = YES;
				ENABLE_USER_SCRIPT_SANDBOXING = YES;
				GCC_C_LANGUAGE_STANDARD = gnu17;
				GCC_DYNAMIC_NO_PIC = NO;
				GCC_NO_COMMON_BLOCKS = YES;
				GCC_OPTIMIZATION_LEVEL = 0;
				GCC_PREPROCESSOR_DEFINITIONS = (
					"DEBUG=1",
					"$(inherited)",
				);
				GCC_WARN_64_TO_32_BIT_CONVERSION = YES;
				GCC_WARN_ABOUT_RETURN_TYPE = YES_ERROR;
				GCC_WARN_UNDECLARED_SELECTOR = YES;
				GCC_WARN_UNINITIALIZED_AUTOS = YES_AGGRESSIVE;
				GCC_WARN_UNUSED_FUNCTION = YES;
				GCC_WARN_UNUSED_VARIABLE = YES;
				IPHONEOS_DEPLOYMENT_TARGET = 17.5;
				LOCALIZATION_PREFERS_STRING_CATALOGS = YES;
				MTL_ENABLE_DEBUG_INFO = INCLUDE_SOURCE;
				MTL_FAST_MATH = YES;
				ONLY_ACTIVE_ARCH = YES;
				SDKROOT = iphoneos;
				SWIFT_ACTIVE_COMPILATION_CONDITIONS = "DEBUG $(inherited)";
				SWIFT_OPTIMIZATION_LEVEL = "-Onone";
			};
			name = Debug;
		};
		13FFF1B62BF8EE9C003F6CED /* Release */ = {
			isa = XCBuildConfiguration;
			buildSettings = {
				ALWAYS_SEARCH_USER_PATHS = NO;
				ASSETCATALOG_COMPILER_GENERATE_SWIFT_ASSET_SYMBOL_EXTENSIONS = YES;
				CLANG_ANALYZER_NONNULL = YES;
				CLANG_ANALYZER_NUMBER_OBJECT_CONVERSION = YES_AGGRESSIVE;
				CLANG_CXX_LANGUAGE_STANDARD = "gnu++20";
				CLANG_ENABLE_MODULES = YES;
				CLANG_ENABLE_OBJC_ARC = YES;
				CLANG_ENABLE_OBJC_WEAK = YES;
				CLANG_WARN_BLOCK_CAPTURE_AUTORELEASING = YES;
				CLANG_WARN_BOOL_CONVERSION = YES;
				CLANG_WARN_COMMA = YES;
				CLANG_WARN_CONSTANT_CONVERSION = YES;
				CLANG_WARN_DEPRECATED_OBJC_IMPLEMENTATIONS = YES;
				CLANG_WARN_DIRECT_OBJC_ISA_USAGE = YES_ERROR;
				CLANG_WARN_DOCUMENTATION_COMMENTS = YES;
				CLANG_WARN_EMPTY_BODY = YES;
				CLANG_WARN_ENUM_CONVERSION = YES;
				CLANG_WARN_INFINITE_RECURSION = YES;
				CLANG_WARN_INT_CONVERSION = YES;
				CLANG_WARN_NON_LITERAL_NULL_CONVERSION = YES;
				CLANG_WARN_OBJC_IMPLICIT_RETAIN_SELF = YES;
				CLANG_WARN_OBJC_LITERAL_CONVERSION = YES;
				CLANG_WARN_OBJC_ROOT_CLASS = YES_ERROR;
				CLANG_WARN_QUOTED_INCLUDE_IN_FRAMEWORK_HEADER = YES;
				CLANG_WARN_RANGE_LOOP_ANALYSIS = YES;
				CLANG_WARN_STRICT_PROTOTYPES = YES;
				CLANG_WARN_SUSPICIOUS_MOVE = YES;
				CLANG_WARN_UNGUARDED_AVAILABILITY = YES_AGGRESSIVE;
				CLANG_WARN_UNREACHABLE_CODE = YES;
				CLANG_WARN__DUPLICATE_METHOD_MATCH = YES;
				COPY_PHASE_STRIP = NO;
				DEBUG_INFORMATION_FORMAT = "dwarf-with-dsym";
				ENABLE_NS_ASSERTIONS = NO;
				ENABLE_STRICT_OBJC_MSGSEND = YES;
				ENABLE_USER_SCRIPT_SANDBOXING = YES;
				GCC_C_LANGUAGE_STANDARD = gnu17;
				GCC_NO_COMMON_BLOCKS = YES;
				GCC_WARN_64_TO_32_BIT_CONVERSION = YES;
				GCC_WARN_ABOUT_RETURN_TYPE = YES_ERROR;
				GCC_WARN_UNDECLARED_SELECTOR = YES;
				GCC_WARN_UNINITIALIZED_AUTOS = YES_AGGRESSIVE;
				GCC_WARN_UNUSED_FUNCTION = YES;
				GCC_WARN_UNUSED_VARIABLE = YES;
				IPHONEOS_DEPLOYMENT_TARGET = 17.5;
				LOCALIZATION_PREFERS_STRING_CATALOGS = YES;
				MTL_ENABLE_DEBUG_INFO = NO;
				MTL_FAST_MATH = YES;
				SDKROOT = iphoneos;
				SWIFT_COMPILATION_MODE = wholemodule;
				VALIDATE_PRODUCT = YES;
			};
			name = Release;
		};
		13FFF1B82BF8EE9C003F6CED /* Debug */ = {
			isa = XCBuildConfiguration;
			buildSettings = {
				ASSETCATALOG_COMPILER_APPICON_NAME = AppIcon;
				ASSETCATALOG_COMPILER_GLOBAL_ACCENT_COLOR_NAME = AccentColor;
				CODE_SIGN_STYLE = Automatic;
				CURRENT_PROJECT_VERSION = 1;
				DEVELOPMENT_ASSET_PATHS = "\"PresentsApp/Preview Content\"";
				DEVELOPMENT_TEAM = CZPN82N49B;
				ENABLE_PREVIEWS = YES;
				GENERATE_INFOPLIST_FILE = YES;
				INFOPLIST_KEY_UIApplicationSceneManifest_Generation = YES;
				INFOPLIST_KEY_UIApplicationSupportsIndirectInputEvents = YES;
				INFOPLIST_KEY_UILaunchScreen_Generation = YES;
				INFOPLIST_KEY_UISupportedInterfaceOrientations_iPad = "UIInterfaceOrientationPortrait UIInterfaceOrientationPortraitUpsideDown UIInterfaceOrientationLandscapeLeft UIInterfaceOrientationLandscapeRight";
				INFOPLIST_KEY_UISupportedInterfaceOrientations_iPhone = "UIInterfaceOrientationPortrait UIInterfaceOrientationLandscapeLeft UIInterfaceOrientationLandscapeRight";
				LD_RUNPATH_SEARCH_PATHS = (
					"$(inherited)",
					"@executable_path/Frameworks",
				);
				MARKETING_VERSION = 1.0;
				PRODUCT_BUNDLE_IDENTIFIER = "Presents-App.PresentsApp";
				PRODUCT_NAME = "$(TARGET_NAME)";
				SWIFT_EMIT_LOC_STRINGS = YES;
				SWIFT_VERSION = 5.0;
				TARGETED_DEVICE_FAMILY = "1,2";
			};
			name = Debug;
		};
		13FFF1B92BF8EE9C003F6CED /* Release */ = {
			isa = XCBuildConfiguration;
			buildSettings = {
				ASSETCATALOG_COMPILER_APPICON_NAME = AppIcon;
				ASSETCATALOG_COMPILER_GLOBAL_ACCENT_COLOR_NAME = AccentColor;
				CODE_SIGN_STYLE = Automatic;
				CURRENT_PROJECT_VERSION = 1;
				DEVELOPMENT_ASSET_PATHS = "\"PresentsApp/Preview Content\"";
				DEVELOPMENT_TEAM = CZPN82N49B;
				ENABLE_PREVIEWS = YES;
				GENERATE_INFOPLIST_FILE = YES;
				INFOPLIST_KEY_UIApplicationSceneManifest_Generation = YES;
				INFOPLIST_KEY_UIApplicationSupportsIndirectInputEvents = YES;
				INFOPLIST_KEY_UILaunchScreen_Generation = YES;
				INFOPLIST_KEY_UISupportedInterfaceOrientations_iPad = "UIInterfaceOrientationPortrait UIInterfaceOrientationPortraitUpsideDown UIInterfaceOrientationLandscapeLeft UIInterfaceOrientationLandscapeRight";
				INFOPLIST_KEY_UISupportedInterfaceOrientations_iPhone = "UIInterfaceOrientationPortrait UIInterfaceOrientationLandscapeLeft UIInterfaceOrientationLandscapeRight";
				LD_RUNPATH_SEARCH_PATHS = (
					"$(inherited)",
					"@executable_path/Frameworks",
				);
				MARKETING_VERSION = 1.0;
				PRODUCT_BUNDLE_IDENTIFIER = "Presents-App.PresentsApp";
				PRODUCT_NAME = "$(TARGET_NAME)";
				SWIFT_EMIT_LOC_STRINGS = YES;
				SWIFT_VERSION = 5.0;
				TARGETED_DEVICE_FAMILY = "1,2";
			};
			name = Release;
		};
		13FFF1BB2BF8EE9C003F6CED /* Debug */ = {
			isa = XCBuildConfiguration;
			buildSettings = {
				ALWAYS_EMBED_SWIFT_STANDARD_LIBRARIES = YES;
				BUNDLE_LOADER = "$(TEST_HOST)";
				CODE_SIGN_STYLE = Automatic;
				CURRENT_PROJECT_VERSION = 1;
				GENERATE_INFOPLIST_FILE = YES;
				IPHONEOS_DEPLOYMENT_TARGET = 17.5;
				MARKETING_VERSION = 1.0;
				PRODUCT_BUNDLE_IDENTIFIER = "Presents-App.PresentsAppTests";
				PRODUCT_NAME = "$(TARGET_NAME)";
				SWIFT_EMIT_LOC_STRINGS = NO;
				SWIFT_VERSION = 5.0;
				TARGETED_DEVICE_FAMILY = "1,2";
				TEST_HOST = "$(BUILT_PRODUCTS_DIR)/PresentsApp.app/$(BUNDLE_EXECUTABLE_FOLDER_PATH)/PresentsApp";
			};
			name = Debug;
		};
		13FFF1BC2BF8EE9C003F6CED /* Release */ = {
			isa = XCBuildConfiguration;
			buildSettings = {
				ALWAYS_EMBED_SWIFT_STANDARD_LIBRARIES = YES;
				BUNDLE_LOADER = "$(TEST_HOST)";
				CODE_SIGN_STYLE = Automatic;
				CURRENT_PROJECT_VERSION = 1;
				GENERATE_INFOPLIST_FILE = YES;
				IPHONEOS_DEPLOYMENT_TARGET = 17.5;
				MARKETING_VERSION = 1.0;
				PRODUCT_BUNDLE_IDENTIFIER = "Presents-App.PresentsAppTests";
				PRODUCT_NAME = "$(TARGET_NAME)";
				SWIFT_EMIT_LOC_STRINGS = NO;
				SWIFT_VERSION = 5.0;
				TARGETED_DEVICE_FAMILY = "1,2";
				TEST_HOST = "$(BUILT_PRODUCTS_DIR)/PresentsApp.app/$(BUNDLE_EXECUTABLE_FOLDER_PATH)/PresentsApp";
			};
			name = Release;
		};
		13FFF1BE2BF8EE9C003F6CED /* Debug */ = {
			isa = XCBuildConfiguration;
			buildSettings = {
				ALWAYS_EMBED_SWIFT_STANDARD_LIBRARIES = YES;
				CODE_SIGN_STYLE = Automatic;
				CURRENT_PROJECT_VERSION = 1;
				GENERATE_INFOPLIST_FILE = YES;
				MARKETING_VERSION = 1.0;
				PRODUCT_BUNDLE_IDENTIFIER = "Presents-App.PresentsAppUITests";
				PRODUCT_NAME = "$(TARGET_NAME)";
				SWIFT_EMIT_LOC_STRINGS = NO;
				SWIFT_VERSION = 5.0;
				TARGETED_DEVICE_FAMILY = "1,2";
				TEST_TARGET_NAME = PresentsApp;
			};
			name = Debug;
		};
		13FFF1BF2BF8EE9C003F6CED /* Release */ = {
			isa = XCBuildConfiguration;
			buildSettings = {
				ALWAYS_EMBED_SWIFT_STANDARD_LIBRARIES = YES;
				CODE_SIGN_STYLE = Automatic;
				CURRENT_PROJECT_VERSION = 1;
				GENERATE_INFOPLIST_FILE = YES;
				MARKETING_VERSION = 1.0;
				PRODUCT_BUNDLE_IDENTIFIER = "Presents-App.PresentsAppUITests";
				PRODUCT_NAME = "$(TARGET_NAME)";
				SWIFT_EMIT_LOC_STRINGS = NO;
				SWIFT_VERSION = 5.0;
				TARGETED_DEVICE_FAMILY = "1,2";
				TEST_TARGET_NAME = PresentsApp;
			};
			name = Release;
		};
/* End XCBuildConfiguration section */

/* Begin XCConfigurationList section */
		13FFF18E2BF8EE9B003F6CED /* Build configuration list for PBXProject "PresentsApp" */ = {
			isa = XCConfigurationList;
			buildConfigurations = (
				13FFF1B52BF8EE9C003F6CED /* Debug */,
				13FFF1B62BF8EE9C003F6CED /* Release */,
			);
			defaultConfigurationIsVisible = 0;
			defaultConfigurationName = Release;
		};
		13FFF1B72BF8EE9C003F6CED /* Build configuration list for PBXNativeTarget "PresentsApp" */ = {
			isa = XCConfigurationList;
			buildConfigurations = (
				13FFF1B82BF8EE9C003F6CED /* Debug */,
				13FFF1B92BF8EE9C003F6CED /* Release */,
			);
			defaultConfigurationIsVisible = 0;
			defaultConfigurationName = Release;
		};
		13FFF1BA2BF8EE9C003F6CED /* Build configuration list for PBXNativeTarget "PresentsAppTests" */ = {
			isa = XCConfigurationList;
			buildConfigurations = (
				13FFF1BB2BF8EE9C003F6CED /* Debug */,
				13FFF1BC2BF8EE9C003F6CED /* Release */,
			);
			defaultConfigurationIsVisible = 0;
			defaultConfigurationName = Release;
		};
		13FFF1BD2BF8EE9C003F6CED /* Build configuration list for PBXNativeTarget "PresentsAppUITests" */ = {
			isa = XCConfigurationList;
			buildConfigurations = (
				13FFF1BE2BF8EE9C003F6CED /* Debug */,
				13FFF1BF2BF8EE9C003F6CED /* Release */,
			);
			defaultConfigurationIsVisible = 0;
			defaultConfigurationName = Release;
		};
/* End XCConfigurationList section */
	};
	rootObject = 13FFF18B2BF8EE9B003F6CED /* Project object */;
}
